<Solution>
  <Project Path="DAL/DAL.csproj" Id="9ec74516-015e-4204-a6ee-48844489cde2" />
  <Project Path="serviceLibary/serviceLibary.csproj" Id="9053bcb8-f932-4a7b-940b-26169aac93e5" />
  <Project Path="TuneTrace/TuneTrace.csproj" />
  <Project Path="Unit Test 1/Unit Test 1.csproj" Id="e79bb5f6-d916-4e8d-a13a-db8c355df7d4" />
</Solution>
